// !$*UTF8*$!
{
	archiveVersion = 1;
	classes = {
	};
	objectVersion = 46;
	objects = {

/* Begin PBXBuildFile section */
		18C4208716172A0B00B5A172 /* UIKit.framework in Frameworks */ = {isa = PBXBuildFile; fileRef = 18C4208616172A0B00B5A172 /* UIKit.framework */; };
		18C4208916172A0B00B5A172 /* Foundation.framework in Frameworks */ = {isa = PBXBuildFile; fileRef = 18C4208816172A0B00B5A172 /* Foundation.framework */; };
		18C4208B16172A0B00B5A172 /* CoreGraphics.framework in Frameworks */ = {isa = PBXBuildFile; fileRef = 18C4208A16172A0B00B5A172 /* CoreGraphics.framework */; };
		18C4209116172A0B00B5A172 /* InfoPlist.strings in Resources */ = {isa = PBXBuildFile; fileRef = 18C4208F16172A0B00B5A172 /* InfoPlist.strings */; };
		18C4209316172A0B00B5A172 /* main.m in Sources */ = {isa = PBXBuildFile; fileRef = 18C4209216172A0B00B5A172 /* main.m */; };
		18C4209716172A0B00B5A172 /* AppDelegate.m in Sources */ = {isa = PBXBuildFile; fileRef = 18C4209616172A0B00B5A172 /* AppDelegate.m */; };
		18C4209916172A0B00B5A172 /* Default.png in Resources */ = {isa = PBXBuildFile; fileRef = 18C4209816172A0B00B5A172 /* Default.png */; };
		18C4209B16172A0B00B5A172 /* Default@2x.png in Resources */ = {isa = PBXBuildFile; fileRef = 18C4209A16172A0B00B5A172 /* Default@2x.png */; };
		18C4209D16172A0B00B5A172 /* Default-568h@2x.png in Resources */ = {isa = PBXBuildFile; fileRef = 18C4209C16172A0B00B5A172 /* Default-568h@2x.png */; };
		18C420A016172A0B00B5A172 /* ViewController.m in Sources */ = {isa = PBXBuildFile; fileRef = 18C4209F16172A0B00B5A172 /* ViewController.m */; };
		18C420A316172A0B00B5A172 /* ViewController.xib in Resources */ = {isa = PBXBuildFile; fileRef = 18C420A116172A0B00B5A172 /* ViewController.xib */; };
		18C420AA16172BB100B5A172 /* tree.png in Resources */ = {isa = PBXBuildFile; fileRef = 18C420A916172BB100B5A172 /* tree.png */; };
		18C420AC16172BBC00B5A172 /* book.jpg in Resources */ = {isa = PBXBuildFile; fileRef = 18C420AB16172BBC00B5A172 /* book.jpg */; };
		18C420AF16172D7600B5A172 /* CarActivity.m in Sources */ = {isa = PBXBuildFile; fileRef = 18C420AE16172D7600B5A172 /* CarActivity.m */; };
		18C420B216172D8100B5A172 /* SnowActivity.m in Sources */ = {isa = PBXBuildFile; fileRef = 18C420B116172D8100B5A172 /* SnowActivity.m */; };
		18C420B616172D9300B5A172 /* SnowViewController.m in Sources */ = {isa = PBXBuildFile; fileRef = 18C420B416172D9300B5A172 /* SnowViewController.m */; };
		18C420B716172D9300B5A172 /* SnowViewController.xib in Resources */ = {isa = PBXBuildFile; fileRef = 18C420B516172D9300B5A172 /* SnowViewController.xib */; };
		18C420B916172E5E00B5A172 /* Snow.png in Resources */ = {isa = PBXBuildFile; fileRef = 18C420B816172E5E00B5A172 /* Snow.png */; };
		18C420BB16172E6300B5A172 /* Snow@2x.png in Resources */ = {isa = PBXBuildFile; fileRef = 18C420BA16172E6300B5A172 /* Snow@2x.png */; };
		18C420C21617312300B5A172 /* Car.png in Resources */ = {isa = PBXBuildFile; fileRef = 18C420C01617312300B5A172 /* Car.png */; };
		18C420C31617312300B5A172 /* Car@2x.png in Resources */ = {isa = PBXBuildFile; fileRef = 18C420C11617312300B5A172 /* Car@2x.png */; };
/* End PBXBuildFile section */

/* Begin PBXFileReference section */
		18C4208216172A0B00B5A172 /* sendDataDemo.app */ = {isa = PBXFileReference; explicitFileType = wrapper.application; includeInIndex = 0; path = sendDataDemo.app; sourceTree = BUILT_PRODUCTS_DIR; };
		18C4208616172A0B00B5A172 /* UIKit.framework */ = {isa = PBXFileReference; lastKnownFileType = wrapper.framework; name = UIKit.framework; path = System/Library/Frameworks/UIKit.framework; sourceTree = SDKROOT; };
		18C4208816172A0B00B5A172 /* Foundation.framework */ = {isa = PBXFileReference; lastKnownFileType = wrapper.framework; name = Foundation.framework; path = System/Library/Frameworks/Foundation.framework; sourceTree = SDKROOT; };
		18C4208A16172A0B00B5A172 /* CoreGraphics.framework */ = {isa = PBXFileReference; lastKnownFileType = wrapper.framework; name = CoreGraphics.framework; path = System/Library/Frameworks/CoreGraphics.framework; sourceTree = SDKROOT; };
		18C4208E16172A0B00B5A172 /* sendDataDemo-Info.plist */ = {isa = PBXFileReference; lastKnownFileType = text.plist.xml; path = "sendDataDemo-Info.plist"; sourceTree = "<group>"; };
		18C4209016172A0B00B5A172 /* en */ = {isa = PBXFileReference; lastKnownFileType = text.plist.strings; name = en; path = en.lproj/InfoPlist.strings; sourceTree = "<group>"; };
		18C4209216172A0B00B5A172 /* main.m */ = {isa = PBXFileReference; lastKnownFileType = sourcecode.c.objc; path = main.m; sourceTree = "<group>"; };
		18C4209416172A0B00B5A172 /* sendDataDemo-Prefix.pch */ = {isa = PBXFileReference; lastKnownFileType = sourcecode.c.h; path = "sendDataDemo-Prefix.pch"; sourceTree = "<group>"; };
		18C4209516172A0B00B5A172 /* AppDelegate.h */ = {isa = PBXFileReference; lastKnownFileType = sourcecode.c.h; path = AppDelegate.h; sourceTree = "<group>"; };
		18C4209616172A0B00B5A172 /* AppDelegate.m */ = {isa = PBXFileReference; lastKnownFileType = sourcecode.c.objc; path = AppDelegate.m; sourceTree = "<group>"; };
		18C4209816172A0B00B5A172 /* Default.png */ = {isa = PBXFileReference; lastKnownFileType = image.png; path = Default.png; sourceTree = "<group>"; };
		18C4209A16172A0B00B5A172 /* Default@2x.png */ = {isa = PBXFileReference; lastKnownFileType = image.png; path = "Default@2x.png"; sourceTree = "<group>"; };
		18C4209C16172A0B00B5A172 /* Default-568h@2x.png */ = {isa = PBXFileReference; lastKnownFileType = image.png; path = "Default-568h@2x.png"; sourceTree = "<group>"; };
		18C4209E16172A0B00B5A172 /* ViewController.h */ = {isa = PBXFileReference; lastKnownFileType = sourcecode.c.h; path = ViewController.h; sourceTree = "<group>"; };
		18C4209F16172A0B00B5A172 /* ViewController.m */ = {isa = PBXFileReference; lastKnownFileType = sourcecode.c.objc; path = ViewController.m; sourceTree = "<group>"; };
		18C420A216172A0B00B5A172 /* en */ = {isa = PBXFileReference; lastKnownFileType = file.xib; name = en; path = en.lproj/ViewController.xib; sourceTree = "<group>"; };
		18C420A916172BB100B5A172 /* tree.png */ = {isa = PBXFileReference; lastKnownFileType = image.png; path = tree.png; sourceTree = "<group>"; };
		18C420AB16172BBC00B5A172 /* book.jpg */ = {isa = PBXFileReference; lastKnownFileType = image.jpeg; path = book.jpg; sourceTree = "<group>"; };
		18C420AD16172D7600B5A172 /* CarActivity.h */ = {isa = PBXFileReference; fileEncoding = 4; lastKnownFileType = sourcecode.c.h; path = CarActivity.h; sourceTree = "<group>"; };
		18C420AE16172D7600B5A172 /* CarActivity.m */ = {isa = PBXFileReference; fileEncoding = 4; lastKnownFileType = sourcecode.c.objc; path = CarActivity.m; sourceTree = "<group>"; };
		18C420B016172D8100B5A172 /* SnowActivity.h */ = {isa = PBXFileReference; fileEncoding = 4; lastKnownFileType = sourcecode.c.h; path = SnowActivity.h; sourceTree = "<group>"; };
		18C420B116172D8100B5A172 /* SnowActivity.m */ = {isa = PBXFileReference; fileEncoding = 4; lastKnownFileType = sourcecode.c.objc; path = SnowActivity.m; sourceTree = "<group>"; };
		18C420B316172D9300B5A172 /* SnowViewController.h */ = {isa = PBXFileReference; fileEncoding = 4; lastKnownFileType = sourcecode.c.h; path = SnowViewController.h; sourceTree = "<group>"; };
		18C420B416172D9300B5A172 /* SnowViewController.m */ = {isa = PBXFileReference; fileEncoding = 4; lastKnownFileType = sourcecode.c.objc; path = SnowViewController.m; sourceTree = "<group>"; };
		18C420B516172D9300B5A172 /* SnowViewController.xib */ = {isa = PBXFileReference; fileEncoding = 4; lastKnownFileType = file.xib; path = SnowViewController.xib; sourceTree = "<group>"; };
		18C420B816172E5E00B5A172 /* Snow.png */ = {isa = PBXFileReference; lastKnownFileType = image.png; path = Snow.png; sourceTree = "<group>"; };
		18C420BA16172E6300B5A172 /* Snow@2x.png */ = {isa = PBXFileReference; lastKnownFileType = image.png; path = "Snow@2x.png"; sourceTree = "<group>"; };
		18C420C01617312300B5A172 /* Car.png */ = {isa = PBXFileReference; lastKnownFileType = image.png; path = Car.png; sourceTree = "<group>"; };
		18C420C11617312300B5A172 /* Car@2x.png */ = {isa = PBXFileReference; lastKnownFileType = image.png; path = "Car@2x.png"; sourceTree = "<group>"; };
/* End PBXFileReference section */

/* Begin PBXFrameworksBuildPhase section */
		18C4207F16172A0B00B5A172 /* Frameworks */ = {
			isa = PBXFrameworksBuildPhase;
			buildActionMask = 2147483647;
			files = (
				18C4208716172A0B00B5A172 /* UIKit.framework in Frameworks */,
				18C4208916172A0B00B5A172 /* Foundation.framework in Frameworks */,
				18C4208B16172A0B00B5A172 /* CoreGraphics.framework in Frameworks */,
			);
			runOnlyForDeploymentPostprocessing = 0;
		};
/* End PBXFrameworksBuildPhase section */

/* Begin PBXGroup section */
		18C4207716172A0B00B5A172 = {
			isa = PBXGroup;
			children = (
				18C4208C16172A0B00B5A172 /* sendDataDemo */,
				18C4208516172A0B00B5A172 /* Frameworks */,
				18C4208316172A0B00B5A172 /* Products */,
			);
			sourceTree = "<group>";
		};
		18C4208316172A0B00B5A172 /* Products */ = {
			isa = PBXGroup;
			children = (
				18C4208216172A0B00B5A172 /* sendDataDemo.app */,
			);
			name = Products;
			sourceTree = "<group>";
		};
		18C4208516172A0B00B5A172 /* Frameworks */ = {
			isa = PBXGroup;
			children = (
				18C4208616172A0B00B5A172 /* UIKit.framework */,
				18C4208816172A0B00B5A172 /* Foundation.framework */,
				18C4208A16172A0B00B5A172 /* CoreGraphics.framework */,
			);
			name = Frameworks;
			sourceTree = "<group>";
		};
		18C4208C16172A0B00B5A172 /* sendDataDemo */ = {
			isa = PBXGroup;
			children = (
				18C4209516172A0B00B5A172 /* AppDelegate.h */,
				18C4209616172A0B00B5A172 /* AppDelegate.m */,
				18C4209E16172A0B00B5A172 /* ViewController.h */,
				18C4209F16172A0B00B5A172 /* ViewController.m */,
				18C420AD16172D7600B5A172 /* CarActivity.h */,
				18C420AE16172D7600B5A172 /* CarActivity.m */,
				18C420B016172D8100B5A172 /* SnowActivity.h */,
				18C420B116172D8100B5A172 /* SnowActivity.m */,
				18C420B316172D9300B5A172 /* SnowViewController.h */,
				18C420B416172D9300B5A172 /* SnowViewController.m */,
				18C420B516172D9300B5A172 /* SnowViewController.xib */,
				18C420A116172A0B00B5A172 /* ViewController.xib */,
				18C420A916172BB100B5A172 /* tree.png */,
				18C420AB16172BBC00B5A172 /* book.jpg */,
				18C420B816172E5E00B5A172 /* Snow.png */,
				18C420BA16172E6300B5A172 /* Snow@2x.png */,
				18C420C01617312300B5A172 /* Car.png */,
				18C420C11617312300B5A172 /* Car@2x.png */,
				18C4208D16172A0B00B5A172 /* Supporting Files */,
			);
			path = sendDataDemo;
			sourceTree = "<group>";
		};
		18C4208D16172A0B00B5A172 /* Supporting Files */ = {
			isa = PBXGroup;
			children = (
				18C4208E16172A0B00B5A172 /* sendDataDemo-Info.plist */,
				18C4208F16172A0B00B5A172 /* InfoPlist.strings */,
				18C4209216172A0B00B5A172 /* main.m */,
				18C4209416172A0B00B5A172 /* sendDataDemo-Prefix.pch */,
				18C4209816172A0B00B5A172 /* Default.png */,
				18C4209A16172A0B00B5A172 /* Default@2x.png */,
				18C4209C16172A0B00B5A172 /* Default-568h@2x.png */,
			);
			name = "Supporting Files";
			sourceTree = "<group>";
		};
/* End PBXGroup section */

/* Begin PBXNativeTarget section */
		18C4208116172A0B00B5A172 /* sendDataDemo */ = {
			isa = PBXNativeTarget;
			buildConfigurationList = 18C420A616172A0B00B5A172 /* Build configuration list for PBXNativeTarget "sendDataDemo" */;
			buildPhases = (
				18C4207E16172A0B00B5A172 /* Sources */,
				18C4207F16172A0B00B5A172 /* Frameworks */,
				18C4208016172A0B00B5A172 /* Resources */,
			);
			buildRules = (
			);
			dependencies = (
			);
			name = sendDataDemo;
			productName = sendDataDemo;
			productReference = 18C4208216172A0B00B5A172 /* sendDataDemo.app */;
			productType = "com.apple.product-type.application";
		};
/* End PBXNativeTarget section */

/* Begin PBXProject section */
		18C4207916172A0B00B5A172 /* Project object */ = {
			isa = PBXProject;
			attributes = {
				LastUpgradeCheck = 0450;
				ORGANIZATIONNAME = Toyship.org;
			};
			buildConfigurationList = 18C4207C16172A0B00B5A172 /* Build configuration list for PBXProject "sendDataDemo" */;
			compatibilityVersion = "Xcode 3.2";
			developmentRegion = English;
			hasScannedForEncodings = 0;
			knownRegions = (
				en,
			);
			mainGroup = 18C4207716172A0B00B5A172;
			productRefGroup = 18C4208316172A0B00B5A172 /* Products */;
			projectDirPath = "";
			projectRoot = "";
			targets = (
				18C4208116172A0B00B5A172 /* sendDataDemo */,
			);
		};
/* End PBXProject section */

/* Begin PBXResourcesBuildPhase section */
		18C4208016172A0B00B5A172 /* Resources */ = {
			isa = PBXResourcesBuildPhase;
			buildActionMask = 2147483647;
			files = (
				18C4209116172A0B00B5A172 /* InfoPlist.strings in Resources */,
				18C4209916172A0B00B5A172 /* Default.png in Resources */,
				18C4209B16172A0B00B5A172 /* Default@2x.png in Resources */,
				18C4209D16172A0B00B5A172 /* Default-568h@2x.png in Resources */,
				18C420A316172A0B00B5A172 /* ViewController.xib in Resources */,
				18C420AA16172BB100B5A172 /* tree.png in Resources */,
				18C420AC16172BBC00B5A172 /* book.jpg in Resources */,
				18C420B716172D9300B5A172 /* SnowViewController.xib in Resources */,
				18C420B916172E5E00B5A172 /* Snow.png in Resources */,
				18C420BB16172E6300B5A172 /* Snow@2x.png in Resources */,
				18C420C21617312300B5A172 /* Car.png in Resources */,
				18C420C31617312300B5A172 /* Car@2x.png in Resources */,
			);
			runOnlyForDeploymentPostprocessing = 0;
		};
/* End PBXResourcesBuildPhase section */

/* Begin PBXSourcesBuildPhase section */
		18C4207E16172A0B00B5A172 /* Sources */ = {
			isa = PBXSourcesBuildPhase;
			buildActionMask = 2147483647;
			files = (
				18C4209316172A0B00B5A172 /* main.m in Sources */,
				18C4209716172A0B00B5A172 /* AppDelegate.m in Sources */,
				18C420A016172A0B00B5A172 /* ViewController.m in Sources */,
				18C420AF16172D7600B5A172 /* CarActivity.m in Sources */,
				18C420B216172D8100B5A172 /* SnowActivity.m in Sources */,
				18C420B616172D9300B5A172 /* SnowViewController.m in Sources */,
			);
			runOnlyForDeploymentPostprocessing = 0;
		};
/* End PBXSourcesBuildPhase section */

/* Begin PBXVariantGroup section */
		18C4208F16172A0B00B5A172 /* InfoPlist.strings */ = {
			isa = PBXVariantGroup;
			children = (
				18C4209016172A0B00B5A172 /* en */,
			);
			name = InfoPlist.strings;
			sourceTree = "<group>";
		};
		18C420A116172A0B00B5A172 /* ViewController.xib */ = {
			isa = PBXVariantGroup;
			children = (
				18C420A216172A0B00B5A172 /* en */,
			);
			name = ViewController.xib;
			sourceTree = "<group>";
		};
/* End PBXVariantGroup section */

/* Begin XCBuildConfiguration section */
		18C420A416172A0B00B5A172 /* Debug */ = {
			isa = XCBuildConfiguration;
			buildSettings = {
				ALWAYS_SEARCH_USER_PATHS = NO;
				CLANG_CXX_LANGUAGE_STANDARD = "gnu++0x";
				CLANG_CXX_LIBRARY = "libc++";
				CLANG_WARN_EMPTY_BODY = YES;
				CLANG_WARN__DUPLICATE_METHOD_MATCH = YES;
				"CODE_SIGN_IDENTITY[sdk=iphoneos*]" = "iPhone Developer";
				COPY_PHASE_STRIP = NO;
				GCC_C_LANGUAGE_STANDARD = gnu99;
				GCC_DYNAMIC_NO_PIC = NO;
				GCC_OPTIMIZATION_LEVEL = 0;
				GCC_PREPROCESSOR_DEFINITIONS = (
					"DEBUG=1",
					"$(inherited)",
				);
				GCC_SYMBOLS_PRIVATE_EXTERN = NO;
				GCC_WARN_ABOUT_RETURN_TYPE = YES;
				GCC_WARN_UNINITIALIZED_AUTOS = YES;
				GCC_WARN_UNUSED_VARIABLE = YES;
				IPHONEOS_DEPLOYMENT_TARGET = 6.0;
				SDKROOT = iphoneos;
			};
			name = Debug;
		};
		18C420A516172A0B00B5A172 /* Release */ = {
			isa = XCBuildConfiguration;
			buildSettings = {
				ALWAYS_SEARCH_USER_PATHS = NO;
				CLANG_CXX_LANGUAGE_STANDARD = "gnu++0x";
				CLANG_CXX_LIBRARY = "libc++";
				CLANG_WARN_EMPTY_BODY = YES;
				CLANG_WARN__DUPLICATE_METHOD_MATCH = YES;
				"CODE_SIGN_IDENTITY[sdk=iphoneos*]" = "iPhone Developer";
				COPY_PHASE_STRIP = YES;
				GCC_C_LANGUAGE_STANDARD = gnu99;
				GCC_WARN_ABOUT_RETURN_TYPE = YES;
				GCC_WARN_UNINITIALIZED_AUTOS = YES;
				GCC_WARN_UNUSED_VARIABLE = YES;
				IPHONEOS_DEPLOYMENT_TARGET = 6.0;
				OTHER_CFLAGS = "-DNS_BLOCK_ASSERTIONS=1";
				SDKROOT = iphoneos;
				VALIDATE_PRODUCT = YES;
			};
			name = Release;
		};
		18C420A716172A0B00B5A172 /* Debug */ = {
			isa = XCBuildConfiguration;
			buildSettings = {
				GCC_PRECOMPILE_PREFIX_HEADER = YES;
				GCC_PREFIX_HEADER = "sendDataDemo/sendDataDemo-Prefix.pch";
				INFOPLIST_FILE = "sendDataDemo/sendDataDemo-Info.plist";
				IPHONEOS_DEPLOYMENT_TARGET = 4.3;
				PRODUCT_NAME = "$(TARGET_NAME)";
				WRAPPER_EXTENSION = app;
			};
			name = Debug;
		};
		18C420A816172A0B00B5A172 /* Release */ = {
			isa = XCBuildConfiguration;
			buildSettings = {
				GCC_PRECOMPILE_PREFIX_HEADER = YES;
				GCC_PREFIX_HEADER = "sendDataDemo/sendDataDemo-Prefix.pch";
				INFOPLIST_FILE = "sendDataDemo/sendDataDemo-Info.plist";
				IPHONEOS_DEPLOYMENT_TARGET = 4.3;
				PRODUCT_NAME = "$(TARGET_NAME)";
				WRAPPER_EXTENSION = app;
			};
			name = Release;
		};
/* End XCBuildConfiguration section */

/* Begin XCConfigurationList section */
		18C4207C16172A0B00B5A172 /* Build configuration list for PBXProject "sendDataDemo" */ = {
			isa = XCConfigurationList;
			buildConfigurations = (
				18C420A416172A0B00B5A172 /* Debug */,
				18C420A516172A0B00B5A172 /* Release */,
			);
			defaultConfigurationIsVisible = 0;
			defaultConfigurationName = Release;
		};
		18C420A616172A0B00B5A172 /* Build configuration list for PBXNativeTarget "sendDataDemo" */ = {
			isa = XCConfigurationList;
			buildConfigurations = (
				18C420A716172A0B00B5A172 /* Debug */,
				18C420A816172A0B00B5A172 /* Release */,
			);
			defaultConfigurationIsVisible = 0;
		};
/* End XCConfigurationList section */
	};
	rootObject = 18C4207916172A0B00B5A172 /* Project object */;
}
